// !$*UTF8*$!
{
	archiveVersion = 1;
	classes = {
	};
	objectVersion = 51;
	objects = {

/* Begin PBXBuildFile section */
		CFEDD08D17F9253F5BF89C0A /* Pods_good_news.framework in Frameworks */ = {isa = PBXBuildFile; fileRef = 8A4038A9DF47908269193BA7 /* Pods_good_news.framework */; };
		FA815CFB233A118C00DE0D80 /* AppDelegate.swift in Sources */ = {isa = PBXBuildFile; fileRef = FA815CFA233A118C00DE0D80 /* AppDelegate.swift */; };
		FA815D00233A118C00DE0D80 /* Main.storyboard in Resources */ = {isa = PBXBuildFile; fileRef = FA815CFE233A118C00DE0D80 /* Main.storyboard */; };
		FA815D02233A118D00DE0D80 /* Assets.xcassets in Resources */ = {isa = PBXBuildFile; fileRef = FA815D01233A118D00DE0D80 /* Assets.xcassets */; };
		FA815D05233A118D00DE0D80 /* LaunchScreen.storyboard in Resources */ = {isa = PBXBuildFile; fileRef = FA815D03233A118D00DE0D80 /* LaunchScreen.storyboard */; };
		FA815D0D233A120800DE0D80 /* NewsTableViewController.swift in Sources */ = {isa = PBXBuildFile; fileRef = FA815D0C233A120800DE0D80 /* NewsTableViewController.swift */; };
/* End PBXBuildFile section */

/* Begin PBXFileReference section */
		34F93BC83AD8A45DDED9B92C /* Pods-good-news.debug.xcconfig */ = {isa = PBXFileReference; includeInIndex = 1; lastKnownFileType = text.xcconfig; name = "Pods-good-news.debug.xcconfig"; path = "Target Support Files/Pods-good-news/Pods-good-news.debug.xcconfig"; sourceTree = "<group>"; };
		8A4038A9DF47908269193BA7 /* Pods_good_news.framework */ = {isa = PBXFileReference; explicitFileType = wrapper.framework; includeInIndex = 0; path = Pods_good_news.framework; sourceTree = BUILT_PRODUCTS_DIR; };
		95D6D9D717FFD77ED69C28BF /* Pods-good-news.release.xcconfig */ = {isa = PBXFileReference; includeInIndex = 1; lastKnownFileType = text.xcconfig; name = "Pods-good-news.release.xcconfig"; path = "Target Support Files/Pods-good-news/Pods-good-news.release.xcconfig"; sourceTree = "<group>"; };
		FA815CF7233A118C00DE0D80 /* good-news.app */ = {isa = PBXFileReference; explicitFileType = wrapper.application; includeInIndex = 0; path = "good-news.app"; sourceTree = BUILT_PRODUCTS_DIR; };
		FA815CFA233A118C00DE0D80 /* AppDelegate.swift */ = {isa = PBXFileReference; lastKnownFileType = sourcecode.swift; path = AppDelegate.swift; sourceTree = "<group>"; };
		FA815CFF233A118C00DE0D80 /* Base */ = {isa = PBXFileReference; lastKnownFileType = file.storyboard; name = Base; path = Base.lproj/Main.storyboard; sourceTree = "<group>"; };
		FA815D01233A118D00DE0D80 /* Assets.xcassets */ = {isa = PBXFileReference; lastKnownFileType = folder.assetcatalog; path = Assets.xcassets; sourceTree = "<group>"; };
		FA815D04233A118D00DE0D80 /* Base */ = {isa = PBXFileReference; lastKnownFileType = file.storyboard; name = Base; path = Base.lproj/LaunchScreen.storyboard; sourceTree = "<group>"; };
		FA815D06233A118D00DE0D80 /* Info.plist */ = {isa = PBXFileReference; lastKnownFileType = text.plist.xml; path = Info.plist; sourceTree = "<group>"; };
		FA815D0C233A120800DE0D80 /* NewsTableViewController.swift */ = {isa = PBXFileReference; lastKnownFileType = sourcecode.swift; path = NewsTableViewController.swift; sourceTree = "<group>"; };
/* End PBXFileReference section */

/* Begin PBXFrameworksBuildPhase section */
		FA815CF4233A118C00DE0D80 /* Frameworks */ = {
			isa = PBXFrameworksBuildPhase;
			buildActionMask = 2147483647;
			files = (
				CFEDD08D17F9253F5BF89C0A /* Pods_good_news.framework in Frameworks */,
			);
			runOnlyForDeploymentPostprocessing = 0;
		};
/* End PBXFrameworksBuildPhase section */

/* Begin PBXGroup section */
		CD4B2CAEE39389B7CB693B56 /* Frameworks */ = {
			isa = PBXGroup;
			children = (
				8A4038A9DF47908269193BA7 /* Pods_good_news.framework */,
			);
			name = Frameworks;
			sourceTree = "<group>";
		};
		DE25307DCC1873D580887FF5 /* Pods */ = {
			isa = PBXGroup;
			children = (
				34F93BC83AD8A45DDED9B92C /* Pods-good-news.debug.xcconfig */,
				95D6D9D717FFD77ED69C28BF /* Pods-good-news.release.xcconfig */,
			);
			path = Pods;
			sourceTree = "<group>";
		};
		FA815CEE233A118C00DE0D80 = {
			isa = PBXGroup;
			children = (
				FA815CF9233A118C00DE0D80 /* good-news */,
				FA815CF8233A118C00DE0D80 /* Products */,
				DE25307DCC1873D580887FF5 /* Pods */,
				CD4B2CAEE39389B7CB693B56 /* Frameworks */,
			);
			sourceTree = "<group>";
		};
		FA815CF8233A118C00DE0D80 /* Products */ = {
			isa = PBXGroup;
			children = (
				FA815CF7233A118C00DE0D80 /* good-news.app */,
			);
			name = Products;
			sourceTree = "<group>";
		};
		FA815CF9233A118C00DE0D80 /* good-news */ = {
			isa = PBXGroup;
			children = (
				FA815CFA233A118C00DE0D80 /* AppDelegate.swift */,
				FA815D0C233A120800DE0D80 /* NewsTableViewController.swift */,
				FA815CFE233A118C00DE0D80 /* Main.storyboard */,
				FA815D01233A118D00DE0D80 /* Assets.xcassets */,
				FA815D03233A118D00DE0D80 /* LaunchScreen.storyboard */,
				FA815D06233A118D00DE0D80 /* Info.plist */,
			);
			path = "good-news";
			sourceTree = "<group>";
		};
/* End PBXGroup section */

/* Begin PBXNativeTarget section */
		FA815CF6233A118C00DE0D80 /* good-news */ = {
			isa = PBXNativeTarget;
			buildConfigurationList = FA815D09233A118D00DE0D80 /* Build configuration list for PBXNativeTarget "good-news" */;
			buildPhases = (
				2B59F96C75AF0EBB166C7271 /* [CP] Check Pods Manifest.lock */,
				FA815CF3233A118C00DE0D80 /* Sources */,
				FA815CF4233A118C00DE0D80 /* Frameworks */,
				FA815CF5233A118C00DE0D80 /* Resources */,
				E840E879131C400BF0DE999B /* [CP] Embed Pods Frameworks */,
			);
			buildRules = (
			);
			dependencies = (
			);
			name = "good-news";
			productName = "good-news";
			productReference = FA815CF7233A118C00DE0D80 /* good-news.app */;
			productType = "com.apple.product-type.application";
		};
/* End PBXNativeTarget section */

/* Begin PBXProject section */
		FA815CEF233A118C00DE0D80 /* Project object */ = {
			isa = PBXProject;
			attributes = {
				LastSwiftUpdateCheck = 1010;
				LastUpgradeCheck = 1010;
				ORGANIZATIONNAME = "Tanawat Polsuwan";
				TargetAttributes = {
					FA815CF6233A118C00DE0D80 = {
						CreatedOnToolsVersion = 10.1;
					};
				};
			};
			buildConfigurationList = FA815CF2233A118C00DE0D80 /* Build configuration list for PBXProject "good-news" */;
			compatibilityVersion = "Xcode 9.3";
			developmentRegion = en;
			hasScannedForEncodings = 0;
			knownRegions = (
				en,
				Base,
			);
			mainGroup = FA815CEE233A118C00DE0D80;
			productRefGroup = FA815CF8233A118C00DE0D80 /* Products */;
			projectDirPath = "";
			projectRoot = "";
			targets = (
				FA815CF6233A118C00DE0D80 /* good-news */,
			);
		};
/* End PBXProject section */

/* Begin PBXResourcesBuildPhase section */
		FA815CF5233A118C00DE0D80 /* Resources */ = {
			isa = PBXResourcesBuildPhase;
			buildActionMask = 2147483647;
			files = (
				FA815D05233A118D00DE0D80 /* LaunchScreen.storyboard in Resources */,
				FA815D02233A118D00DE0D80 /* Assets.xcassets in Resources */,
				FA815D00233A118C00DE0D80 /* Main.storyboard in Resources */,
			);
			runOnlyForDeploymentPostprocessing = 0;
		};
/* End PBXResourcesBuildPhase section */

/* Begin PBXShellScriptBuildPhase section */
		2B59F96C75AF0EBB166C7271 /* [CP] Check Pods Manifest.lock */ = {
			isa = PBXShellScriptBuildPhase;
			buildActionMask = 2147483647;
			files = (
			);
			inputFileListPaths = (
			);
			inputPaths = (
				"${PODS_PODFILE_DIR_PATH}/Podfile.lock",
				"${PODS_ROOT}/Manifest.lock",
			);
			name = "[CP] Check Pods Manifest.lock";
			outputFileListPaths = (
			);
			outputPaths = (
				"$(DERIVED_FILE_DIR)/Pods-good-news-checkManifestLockResult.txt",
			);
			runOnlyForDeploymentPostprocessing = 0;
			shellPath = /bin/sh;
			shellScript = "diff \"${PODS_PODFILE_DIR_PATH}/Podfile.lock\" \"${PODS_ROOT}/Manifest.lock\" > /dev/null\nif [ $? != 0 ] ; then\n    # print error to STDERR\n    echo \"error: The sandbox is not in sync with the Podfile.lock. Run 'pod install' or update your CocoaPods installation.\" >&2\n    exit 1\nfi\n# This output is used by Xcode 'outputs' to avoid re-running this script phase.\necho \"SUCCESS\" > \"${SCRIPT_OUTPUT_FILE_0}\"\n";
			showEnvVarsInLog = 0;
		};
		E840E879131C400BF0DE999B /* [CP] Embed Pods Frameworks */ = {
			isa = PBXShellScriptBuildPhase;
			buildActionMask = 2147483647;
			files = (
			);
			inputFileListPaths = (
				"${PODS_ROOT}/Target Support Files/Pods-good-news/Pods-good-news-frameworks-${CONFIGURATION}-input-files.xcfilelist",
			);
			name = "[CP] Embed Pods Frameworks";
			outputFileListPaths = (
				"${PODS_ROOT}/Target Support Files/Pods-good-news/Pods-good-news-frameworks-${CONFIGURATION}-output-files.xcfilelist",
			);
			runOnlyForDeploymentPostprocessing = 0;
			shellPath = /bin/sh;
			shellScript = "\"${PODS_ROOT}/Target Support Files/Pods-good-news/Pods-good-news-frameworks.sh\"\n";
			showEnvVarsInLog = 0;
		};
/* End PBXShellScriptBuildPhase section */

/* Begin PBXSourcesBuildPhase section */
		FA815CF3233A118C00DE0D80 /* Sources */ = {
			isa = PBXSourcesBuildPhase;
			buildActionMask = 2147483647;
			files = (
				FA815CFB233A118C00DE0D80 /* AppDelegate.swift in Sources */,
				FA815D0D233A120800DE0D80 /* NewsTableViewController.swift in Sources */,
			);
			runOnlyForDeploymentPostprocessing = 0;
		};
/* End PBXSourcesBuildPhase section */

/* Begin PBXVariantGroup section */
		FA815CFE233A118C00DE0D80 /* Main.storyboard */ = {
			isa = PBXVariantGroup;
			children = (
				FA815CFF233A118C00DE0D80 /* Base */,
			);
			name = Main.storyboard;
			sourceTree = "<group>";
		};
		FA815D03233A118D00DE0D80 /* LaunchScreen.storyboard */ = {
			isa = PBXVariantGroup;
			children = (
				FA815D04233A118D00DE0D80 /* Base */,
			);
			name = LaunchScreen.storyboard;
			sourceTree = "<group>";
		};
/* End PBXVariantGroup section */

/* Begin XCBuildConfiguration section */
		FA815D07233A118D00DE0D80 /* Debug */ = {
			isa = XCBuildConfiguration;
			buildSettings = {
				ALWAYS_SEARCH_USER_PATHS = NO;
				CLANG_ANALYZER_NONNULL = YES;
				CLANG_ANALYZER_NUMBER_OBJECT_CONVERSION = YES_AGGRESSIVE;
				CLANG_CXX_LANGUAGE_STANDARD = "gnu++14";
				CLANG_CXX_LIBRARY = "libc++";
				CLANG_ENABLE_MODULES = YES;
				CLANG_ENABLE_OBJC_ARC = YES;
				CLANG_ENABLE_OBJC_WEAK = YES;
				CLANG_WARN_BLOCK_CAPTURE_AUTORELEASING = YES;
				CLANG_WARN_BOOL_CONVERSION = YES;
				CLANG_WARN_COMMA = YES;
				CLANG_WARN_CONSTANT_CONVERSION = YES;
				CLANG_WARN_DEPRECATED_OBJC_IMPLEMENTATIONS = YES;
				CLANG_WARN_DIRECT_OBJC_ISA_USAGE = YES_ERROR;
				CLANG_WARN_DOCUMENTATION_COMMENTS = YES;
				CLANG_WARN_EMPTY_BODY = YES;
				CLANG_WARN_ENUM_CONVERSION = YES;
				CLANG_WARN_INFINITE_RECURSION = YES;
				CLANG_WARN_INT_CONVERSION = YES;
				CLANG_WARN_NON_LITERAL_NULL_CONVERSION = YES;
				CLANG_WARN_OBJC_IMPLICIT_RETAIN_SELF = YES;
				CLANG_WARN_OBJC_LITERAL_CONVERSION = YES;
				CLANG_WARN_OBJC_ROOT_CLASS = YES_ERROR;
				CLANG_WARN_RANGE_LOOP_ANALYSIS = YES;
				CLANG_WARN_STRICT_PROTOTYPES = YES;
				CLANG_WARN_SUSPICIOUS_MOVE = YES;
				CLANG_WARN_UNGUARDED_AVAILABILITY = YES_AGGRESSIVE;
				CLANG_WARN_UNREACHABLE_CODE = YES;
				CLANG_WARN__DUPLICATE_METHOD_MATCH = YES;
				CODE_SIGN_IDENTITY = "iPhone Developer";
				COPY_PHASE_STRIP = NO;
				DEBUG_INFORMATION_FORMAT = dwarf;
				ENABLE_STRICT_OBJC_MSGSEND = YES;
				ENABLE_TESTABILITY = YES;
				GCC_C_LANGUAGE_STANDARD = gnu11;
				GCC_DYNAMIC_NO_PIC = NO;
				GCC_NO_COMMON_BLOCKS = YES;
				GCC_OPTIMIZATION_LEVEL = 0;
				GCC_PREPROCESSOR_DEFINITIONS = (
					"DEBUG=1",
					"$(inherited)",
				);
				GCC_WARN_64_TO_32_BIT_CONVERSION = YES;
				GCC_WARN_ABOUT_RETURN_TYPE = YES_ERROR;
				GCC_WARN_UNDECLARED_SELECTOR = YES;
				GCC_WARN_UNINITIALIZED_AUTOS = YES_AGGRESSIVE;
				GCC_WARN_UNUSED_FUNCTION = YES;
				GCC_WARN_UNUSED_VARIABLE = YES;
				IPHONEOS_DEPLOYMENT_TARGET = 12.1;
				MTL_ENABLE_DEBUG_INFO = INCLUDE_SOURCE;
				MTL_FAST_MATH = YES;
				ONLY_ACTIVE_ARCH = YES;
				SDKROOT = iphoneos;
				SWIFT_ACTIVE_COMPILATION_CONDITIONS = DEBUG;
				SWIFT_OPTIMIZATION_LEVEL = "-Onone";
			};
			name = Debug;
		};
		FA815D08233A118D00DE0D80 /* Release */ = {
			isa = XCBuildConfiguration;
			buildSettings = {
				ALWAYS_SEARCH_USER_PATHS = NO;
				CLANG_ANALYZER_NONNULL = YES;
				CLANG_ANALYZER_NUMBER_OBJECT_CONVERSION = YES_AGGRESSIVE;
				CLANG_CXX_LANGUAGE_STANDARD = "gnu++14";
				CLANG_CXX_LIBRARY = "libc++";
				CLANG_ENABLE_MODULES = YES;
				CLANG_ENABLE_OBJC_ARC = YES;
				CLANG_ENABLE_OBJC_WEAK = YES;
				CLANG_WARN_BLOCK_CAPTURE_AUTORELEASING = YES;
				CLANG_WARN_BOOL_CONVERSION = YES;
				CLANG_WARN_COMMA = YES;
				CLANG_WARN_CONSTANT_CONVERSION = YES;
				CLANG_WARN_DEPRECATED_OBJC_IMPLEMENTATIONS = YES;
				CLANG_WARN_DIRECT_OBJC_ISA_USAGE = YES_ERROR;
				CLANG_WARN_DOCUMENTATION_COMMENTS = YES;
				CLANG_WARN_EMPTY_BODY = YES;
				CLANG_WARN_ENUM_CONVERSION = YES;
				CLANG_WARN_INFINITE_RECURSION = YES;
				CLANG_WARN_INT_CONVERSION = YES;
				CLANG_WARN_NON_LITERAL_NULL_CONVERSION = YES;
				CLANG_WARN_OBJC_IMPLICIT_RETAIN_SELF = YES;
				CLANG_WARN_OBJC_LITERAL_CONVERSION = YES;
				CLANG_WARN_OBJC_ROOT_CLASS = YES_ERROR;
				CLANG_WARN_RANGE_LOOP_ANALYSIS = YES;
				CLANG_WARN_STRICT_PROTOTYPES = YES;
				CLANG_WARN_SUSPICIOUS_MOVE = YES;
				CLANG_WARN_UNGUARDED_AVAILABILITY = YES_AGGRESSIVE;
				CLANG_WARN_UNREACHABLE_CODE = YES;
				CLANG_WARN__DUPLICATE_METHOD_MATCH = YES;
				CODE_SIGN_IDENTITY = "iPhone Developer";
				COPY_PHASE_STRIP = NO;
				DEBUG_INFORMATION_FORMAT = "dwarf-with-dsym";
				ENABLE_NS_ASSERTIONS = NO;
				ENABLE_STRICT_OBJC_MSGSEND = YES;
				GCC_C_LANGUAGE_STANDARD = gnu11;
				GCC_NO_COMMON_BLOCKS = YES;
				GCC_WARN_64_TO_32_BIT_CONVERSION = YES;
				GCC_WARN_ABOUT_RETURN_TYPE = YES_ERROR;
				GCC_WARN_UNDECLARED_SELECTOR = YES;
				GCC_WARN_UNINITIALIZED_AUTOS = YES_AGGRESSIVE;
				GCC_WARN_UNUSED_FUNCTION = YES;
				GCC_WARN_UNUSED_VARIABLE = YES;
				IPHONEOS_DEPLOYMENT_TARGET = 12.1;
				MTL_ENABLE_DEBUG_INFO = NO;
				MTL_FAST_MATH = YES;
				SDKROOT = iphoneos;
				SWIFT_COMPILATION_MODE = wholemodule;
				SWIFT_OPTIMIZATION_LEVEL = "-O";
				VALIDATE_PRODUCT = YES;
			};
			name = Release;
		};
		FA815D0A233A118D00DE0D80 /* Debug */ = {
			isa = XCBuildConfiguration;
			baseConfigurationReference = 34F93BC83AD8A45DDED9B92C /* Pods-good-news.debug.xcconfig */;
			buildSettings = {
				ASSETCATALOG_COMPILER_APPICON_NAME = AppIcon;
				CODE_SIGN_STYLE = Automatic;
				INFOPLIST_FILE = "good-news/Info.plist";
				LD_RUNPATH_SEARCH_PATHS = (
					"$(inherited)",
					"@executable_path/Frameworks",
				);
				PRODUCT_BUNDLE_IDENTIFIER = "com.norpor.good-news";
				PRODUCT_NAME = "$(TARGET_NAME)";
				SWIFT_VERSION = 4.2;
				TARGETED_DEVICE_FAMILY = "1,2";
			};
			name = Debug;
		};
		FA815D0B233A118D00DE0D80 /* Release */ = {
			isa = XCBuildConfiguration;
			baseConfigurationReference = 95D6D9D717FFD77ED69C28BF /* Pods-good-news.release.xcconfig */;
			buildSettings = {
				ASSETCATALOG_COMPILER_APPICON_NAME = AppIcon;
				CODE_SIGN_STYLE = Automatic;
				INFOPLIST_FILE = "good-news/Info.plist";
				LD_RUNPATH_SEARCH_PATHS = (
					"$(inherited)",
					"@executable_path/Frameworks",
				);
				PRODUCT_BUNDLE_IDENTIFIER = "com.norpor.good-news";
				PRODUCT_NAME = "$(TARGET_NAME)";
				SWIFT_VERSION = 4.2;
				TARGETED_DEVICE_FAMILY = "1,2";
			};
			name = Release;
		};
/* End XCBuildConfiguration section */

/* Begin XCConfigurationList section */
		FA815CF2233A118C00DE0D80 /* Build configuration list for PBXProject "good-news" */ = {
			isa = XCConfigurationList;
			buildConfigurations = (
				FA815D07233A118D00DE0D80 /* Debug */,
				FA815D08233A118D00DE0D80 /* Release */,
			);
			defaultConfigurationIsVisible = 0;
			defaultConfigurationName = Release;
		};
		FA815D09233A118D00DE0D80 /* Build configuration list for PBXNativeTarget "good-news" */ = {
			isa = XCConfigurationList;
			buildConfigurations = (
				FA815D0A233A118D00DE0D80 /* Debug */,
				FA815D0B233A118D00DE0D80 /* Release */,
			);
			defaultConfigurationIsVisible = 0;
			defaultConfigurationName = Release;
		};
/* End XCConfigurationList section */
	};
	rootObject = FA815CEF233A118C00DE0D80 /* Project object */;
}
